
Microsoft Visual Studio Solution File, Format Version 12.00
# Visual Studio 15
VisualStudioVersion = 15.0.26124.0
MinimumVisualStudioVersion = 15.0.26124.0
Project("{FAE04EC0-301F-11D3-BF4B-00C04F79EFBC}") = "Domain", "Domain\Domain.csproj", "{1C056BA1-DDA4-4B69-AEBD-D2A58F155C90}"
EndProject
Project("{FAE04EC0-301F-11D3-BF4B-00C04F79EFBC}") = "Application", "Application\Application.csproj", "{A81FA1A8-66AB-4F5B-A028-D73E291C6115}"
EndProject
Project("{FAE04EC0-301F-11D3-BF4B-00C04F79EFBC}") = "Persistence", "Persistence\Persistence.csproj", "{F3312E0F-89B8-407B-B034-F58BF73189A9}"
EndProject
Project("{FAE04EC0-301F-11D3-BF4B-00C04F79EFBC}") = "API", "API\API.csproj", "{26CD2FDF-683E-46C4-A786-3D9E750B8DBD}"
EndProject
Global
	GlobalSection(SolutionConfigurationPlatforms) = preSolution
		Debug|Any CPU = Debug|Any CPU
		Debug|x64 = Debug|x64
		Debug|x86 = Debug|x86
		Release|Any CPU = Release|Any CPU
		Release|x64 = Release|x64
		Release|x86 = Release|x86
	EndGlobalSection
	GlobalSection(SolutionProperties) = preSolution
		HideSolutionNode = FALSE
	EndGlobalSection
	GlobalSection(ProjectConfigurationPlatforms) = postSolution
		{1C056BA1-DDA4-4B69-AEBD-D2A58F155C90}.Debug|Any CPU.ActiveCfg = Debug|Any CPU
		{1C056BA1-DDA4-4B69-AEBD-D2A58F155C90}.Debug|Any CPU.Build.0 = Debug|Any CPU
		{1C056BA1-DDA4-4B69-AEBD-D2A58F155C90}.Debug|x64.ActiveCfg = Debug|Any CPU
		{1C056BA1-DDA4-4B69-AEBD-D2A58F155C90}.Debug|x64.Build.0 = Debug|Any CPU
		{1C056BA1-DDA4-4B69-AEBD-D2A58F155C90}.Debug|x86.ActiveCfg = Debug|Any CPU
		{1C056BA1-DDA4-4B69-AEBD-D2A58F155C90}.Debug|x86.Build.0 = Debug|Any CPU
		{1C056BA1-DDA4-4B69-AEBD-D2A58F155C90}.Release|Any CPU.ActiveCfg = Release|Any CPU
		{1C056BA1-DDA4-4B69-AEBD-D2A58F155C90}.Release|Any CPU.Build.0 = Release|Any CPU
		{1C056BA1-DDA4-4B69-AEBD-D2A58F155C90}.Release|x64.ActiveCfg = Release|Any CPU
		{1C056BA1-DDA4-4B69-AEBD-D2A58F155C90}.Release|x64.Build.0 = Release|Any CPU
		{1C056BA1-DDA4-4B69-AEBD-D2A58F155C90}.Release|x86.ActiveCfg = Release|Any CPU
		{1C056BA1-DDA4-4B69-AEBD-D2A58F155C90}.Release|x86.Build.0 = Release|Any CPU
		{A81FA1A8-66AB-4F5B-A028-D73E291C6115}.Debug|Any CPU.ActiveCfg = Debug|Any CPU
		{A81FA1A8-66AB-4F5B-A028-D73E291C6115}.Debug|Any CPU.Build.0 = Debug|Any CPU
		{A81FA1A8-66AB-4F5B-A028-D73E291C6115}.Debug|x64.ActiveCfg = Debug|Any CPU
		{A81FA1A8-66AB-4F5B-A028-D73E291C6115}.Debug|x64.Build.0 = Debug|Any CPU
		{A81FA1A8-66AB-4F5B-A028-D73E291C6115}.Debug|x86.ActiveCfg = Debug|Any CPU
		{A81FA1A8-66AB-4F5B-A028-D73E291C6115}.Debug|x86.Build.0 = Debug|Any CPU
		{A81FA1A8-66AB-4F5B-A028-D73E291C6115}.Release|Any CPU.ActiveCfg = Release|Any CPU
		{A81FA1A8-66AB-4F5B-A028-D73E291C6115}.Release|Any CPU.Build.0 = Release|Any CPU
		{A81FA1A8-66AB-4F5B-A028-D73E291C6115}.Release|x64.ActiveCfg = Release|Any CPU
		{A81FA1A8-66AB-4F5B-A028-D73E291C6115}.Release|x64.Build.0 = Release|Any CPU
		{A81FA1A8-66AB-4F5B-A028-D73E291C6115}.Release|x86.ActiveCfg = Release|Any CPU
		{A81FA1A8-66AB-4F5B-A028-D73E291C6115}.Release|x86.Build.0 = Release|Any CPU
		{F3312E0F-89B8-407B-B034-F58BF73189A9}.Debug|Any CPU.ActiveCfg = Debug|Any CPU
		{F3312E0F-89B8-407B-B034-F58BF73189A9}.Debug|Any CPU.Build.0 = Debug|Any CPU
		{F3312E0F-89B8-407B-B034-F58BF73189A9}.Debug|x64.ActiveCfg = Debug|Any CPU
		{F3312E0F-89B8-407B-B034-F58BF73189A9}.Debug|x64.Build.0 = Debug|Any CPU
		{F3312E0F-89B8-407B-B034-F58BF73189A9}.Debug|x86.ActiveCfg = Debug|Any CPU
		{F3312E0F-89B8-407B-B034-F58BF73189A9}.Debug|x86.Build.0 = Debug|Any CPU
		{F3312E0F-89B8-407B-B034-F58BF73189A9}.Release|Any CPU.ActiveCfg = Release|Any CPU
		{F3312E0F-89B8-407B-B034-F58BF73189A9}.Release|Any CPU.Build.0 = Release|Any CPU
		{F3312E0F-89B8-407B-B034-F58BF73189A9}.Release|x64.ActiveCfg = Release|Any CPU
		{F3312E0F-89B8-407B-B034-F58BF73189A9}.Release|x64.Build.0 = Release|Any CPU
		{F3312E0F-89B8-407B-B034-F58BF73189A9}.Release|x86.ActiveCfg = Release|Any CPU
		{F3312E0F-89B8-407B-B034-F58BF73189A9}.Release|x86.Build.0 = Release|Any CPU
		{26CD2FDF-683E-46C4-A786-3D9E750B8DBD}.Debug|Any CPU.ActiveCfg = Debug|Any CPU
		{26CD2FDF-683E-46C4-A786-3D9E750B8DBD}.Debug|Any CPU.Build.0 = Debug|Any CPU
		{26CD2FDF-683E-46C4-A786-3D9E750B8DBD}.Debug|x64.ActiveCfg = Debug|Any CPU
		{26CD2FDF-683E-46C4-A786-3D9E750B8DBD}.Debug|x64.Build.0 = Debug|Any CPU
		{26CD2FDF-683E-46C4-A786-3D9E750B8DBD}.Debug|x86.ActiveCfg = Debug|Any CPU
		{26CD2FDF-683E-46C4-A786-3D9E750B8DBD}.Debug|x86.Build.0 = Debug|Any CPU
		{26CD2FDF-683E-46C4-A786-3D9E750B8DBD}.Release|Any CPU.ActiveCfg = Release|Any CPU
		{26CD2FDF-683E-46C4-A786-3D9E750B8DBD}.Release|Any CPU.Build.0 = Release|Any CPU
		{26CD2FDF-683E-46C4-A786-3D9E750B8DBD}.Release|x64.ActiveCfg = Release|Any CPU
		{26CD2FDF-683E-46C4-A786-3D9E750B8DBD}.Release|x64.Build.0 = Release|Any CPU
		{26CD2FDF-683E-46C4-A786-3D9E750B8DBD}.Release|x86.ActiveCfg = Release|Any CPU
		{26CD2FDF-683E-46C4-A786-3D9E750B8DBD}.Release|x86.Build.0 = Release|Any CPU
	EndGlobalSection
EndGlobal
